
Microsoft Visual Studio Solution File, Format Version 12.00
# Visual Studio Version 16
VisualStudioVersion = 16.0.29509.3
MinimumVisualStudioVersion = 10.0.40219.1
Project("{FAE04EC0-301F-11D3-BF4B-00C04F79EFBC}") = "LabOP4", "LabOP4\LabOP4.csproj", "{A8881F37-1A4C-4CC1-ACD7-C9ADC1D454BF}"
EndProject
Global
	GlobalSection(SolutionConfigurationPlatforms) = preSolution
		Debug|Any CPU = Debug|Any CPU
		Release|Any CPU = Release|Any CPU
	EndGlobalSection
	GlobalSection(ProjectConfigurationPlatforms) = postSolution
		{A8881F37-1A4C-4CC1-ACD7-C9ADC1D454BF}.Debug|Any CPU.ActiveCfg = Debug|Any CPU
		{A8881F37-1A4C-4CC1-ACD7-C9ADC1D454BF}.Debug|Any CPU.Build.0 = Debug|Any CPU
		{A8881F37-1A4C-4CC1-ACD7-C9ADC1D454BF}.Release|Any CPU.ActiveCfg = Release|Any CPU
		{A8881F37-1A4C-4CC1-ACD7-C9ADC1D454BF}.Release|Any CPU.Build.0 = Release|Any CPU
	EndGlobalSection
	GlobalSection(SolutionProperties) = preSolution
		HideSolutionNode = FALSE
	EndGlobalSection
	GlobalSection(ExtensibilityGlobals) = postSolution
		SolutionGuid = {E45281B8-C848-493D-967B-78D051F66CF3}
	EndGlobalSection
EndGlobal
